
Microsoft Visual Studio Solution File, Format Version 12.00
# Visual Studio 15
VisualStudioVersion = 15.0.34729.27
MinimumVisualStudioVersion = 10.0.40219.1
Project("{FAE04EC0-301F-11D3-BF4B-00C04F79EFBC}") = "site", "site\site.csproj", "{2E64F9DD-9C9D-4843-864C-720ED5254806}"
EndProject
Project("{FAE04EC0-301F-11D3-BF4B-00C04F79EFBC}") = "DataAccess", "DataAccess\DataAccess.csproj", "{1FD6C826-9C2D-43BF-B643-861C853EDAEE}"
EndProject
Global
	GlobalSection(SolutionConfigurationPlatforms) = preSolution
		Debug|Any CPU = Debug|Any CPU
		Release|Any CPU = Release|Any CPU
	EndGlobalSection
	GlobalSection(ProjectConfigurationPlatforms) = postSolution
		{2E64F9DD-9C9D-4843-864C-720ED5254806}.Debug|Any CPU.ActiveCfg = Debug|Any CPU
		{2E64F9DD-9C9D-4843-864C-720ED5254806}.Debug|Any CPU.Build.0 = Debug|Any CPU
		{2E64F9DD-9C9D-4843-864C-720ED5254806}.Release|Any CPU.ActiveCfg = Release|Any CPU
		{2E64F9DD-9C9D-4843-864C-720ED5254806}.Release|Any CPU.Build.0 = Release|Any CPU
		{1FD6C826-9C2D-43BF-B643-861C853EDAEE}.Debug|Any CPU.ActiveCfg = Debug|Any CPU
		{1FD6C826-9C2D-43BF-B643-861C853EDAEE}.Debug|Any CPU.Build.0 = Debug|Any CPU
		{1FD6C826-9C2D-43BF-B643-861C853EDAEE}.Release|Any CPU.ActiveCfg = Release|Any CPU
		{1FD6C826-9C2D-43BF-B643-861C853EDAEE}.Release|Any CPU.Build.0 = Release|Any CPU
	EndGlobalSection
	GlobalSection(SolutionProperties) = preSolution
		HideSolutionNode = FALSE
	EndGlobalSection
	GlobalSection(ExtensibilityGlobals) = postSolution
		SolutionGuid = {A18333ED-9F5D-4B45-AC50-65FCC24550B1}
	EndGlobalSection
EndGlobal
